
Microsoft Visual Studio Solution File, Format Version 12.00
# Visual Studio Version 17
VisualStudioVersion = 17.4.33213.308
MinimumVisualStudioVersion = 10.0.40219.1
Project("{9A19103F-16F7-4668-BE54-9A1E7A4F7556}") = "DesignPattern", "DesignPattern.csproj", "{B452B303-16E6-4165-9D66-157AD7D1B2E4}"
EndProject
Project("{9A19103F-16F7-4668-BE54-9A1E7A4F7556}") = "PatternCompositeExample", "..\PatternCompositeExample\PatternCompositeExample.csproj", "{AA3F1EEA-C0BC-4EA1-96E8-C9747C8A2636}"
EndProject
Project("{2150E333-8FDC-42A3-9474-1A3956D46DE8}") = "PatternComposite", "PatternComposite", "{D3C69746-8F28-4DD1-A212-9933B9881230}"
EndProject
Project("{2150E333-8FDC-42A3-9474-1A3956D46DE8}") = "NewFolder1", "NewFolder1", "{D5B98FDD-07FF-492E-89CF-D1C82B212B05}"
EndProject
Project("{9A19103F-16F7-4668-BE54-9A1E7A4F7556}") = "Figure", "..\Figure\Figure.csproj", "{E14CAC4C-1843-439C-9691-73EB9D47CC27}"
EndProject
Project("{9A19103F-16F7-4668-BE54-9A1E7A4F7556}") = "VisiteurDeFigureWinform", "..\VisiteurDeFigureWinform\VisiteurDeFigureWinform.csproj", "{F66246B8-C9E2-416F-9565-39A5C91591FC}"
EndProject
Project("{9A19103F-16F7-4668-BE54-9A1E7A4F7556}") = "VisitWinform", "..\VisitWinform\VisitWinform.csproj", "{F19AC687-BBDD-43B6-A699-2F3F2C7160E7}"
EndProject
Project("{2150E333-8FDC-42A3-9474-1A3956D46DE8}") = "PatternMediateur", "PatternMediateur", "{9839DAE7-51FA-4922-A022-73136CBD1E23}"
EndProject
Project("{9A19103F-16F7-4668-BE54-9A1E7A4F7556}") = "SalleDeReunionExample", "..\SalleDeReunionExample\SalleDeReunionExample.csproj", "{C183DF6A-68A7-4DE9-9916-B6B9ABEA0590}"
EndProject
Project("{9A19103F-16F7-4668-BE54-9A1E7A4F7556}") = "ReservationSalleWinform", "..\ReservationSalleWinform\ReservationSalleWinform.csproj", "{9D8E3D75-453C-4004-8E60-A469F6D446D5}"
EndProject
Project("{FAE04EC0-301F-11D3-BF4B-00C04F79EFBC}") = "Decorateur", "..\Decorateur\Decorateur.csproj", "{D340C2CA-3640-4156-B9DE-2037E88D871E}"
EndProject
Global
	GlobalSection(SolutionConfigurationPlatforms) = preSolution
		Debug|Any CPU = Debug|Any CPU
		Release|Any CPU = Release|Any CPU
	EndGlobalSection
	GlobalSection(ProjectConfigurationPlatforms) = postSolution
		{B452B303-16E6-4165-9D66-157AD7D1B2E4}.Debug|Any CPU.ActiveCfg = Debug|Any CPU
		{B452B303-16E6-4165-9D66-157AD7D1B2E4}.Debug|Any CPU.Build.0 = Debug|Any CPU
		{B452B303-16E6-4165-9D66-157AD7D1B2E4}.Release|Any CPU.ActiveCfg = Release|Any CPU
		{B452B303-16E6-4165-9D66-157AD7D1B2E4}.Release|Any CPU.Build.0 = Release|Any CPU
		{AA3F1EEA-C0BC-4EA1-96E8-C9747C8A2636}.Debug|Any CPU.ActiveCfg = Debug|Any CPU
		{AA3F1EEA-C0BC-4EA1-96E8-C9747C8A2636}.Debug|Any CPU.Build.0 = Debug|Any CPU
		{AA3F1EEA-C0BC-4EA1-96E8-C9747C8A2636}.Release|Any CPU.ActiveCfg = Release|Any CPU
		{AA3F1EEA-C0BC-4EA1-96E8-C9747C8A2636}.Release|Any CPU.Build.0 = Release|Any CPU
		{E14CAC4C-1843-439C-9691-73EB9D47CC27}.Debug|Any CPU.ActiveCfg = Debug|Any CPU
		{E14CAC4C-1843-439C-9691-73EB9D47CC27}.Debug|Any CPU.Build.0 = Debug|Any CPU
		{E14CAC4C-1843-439C-9691-73EB9D47CC27}.Release|Any CPU.ActiveCfg = Release|Any CPU
		{E14CAC4C-1843-439C-9691-73EB9D47CC27}.Release|Any CPU.Build.0 = Release|Any CPU
		{F66246B8-C9E2-416F-9565-39A5C91591FC}.Debug|Any CPU.ActiveCfg = Debug|Any CPU
		{F66246B8-C9E2-416F-9565-39A5C91591FC}.Debug|Any CPU.Build.0 = Debug|Any CPU
		{F66246B8-C9E2-416F-9565-39A5C91591FC}.Release|Any CPU.ActiveCfg = Release|Any CPU
		{F66246B8-C9E2-416F-9565-39A5C91591FC}.Release|Any CPU.Build.0 = Release|Any CPU
		{F19AC687-BBDD-43B6-A699-2F3F2C7160E7}.Debug|Any CPU.ActiveCfg = Debug|Any CPU
		{F19AC687-BBDD-43B6-A699-2F3F2C7160E7}.Debug|Any CPU.Build.0 = Debug|Any CPU
		{F19AC687-BBDD-43B6-A699-2F3F2C7160E7}.Release|Any CPU.ActiveCfg = Release|Any CPU
		{F19AC687-BBDD-43B6-A699-2F3F2C7160E7}.Release|Any CPU.Build.0 = Release|Any CPU
		{C183DF6A-68A7-4DE9-9916-B6B9ABEA0590}.Debug|Any CPU.ActiveCfg = Debug|Any CPU
		{C183DF6A-68A7-4DE9-9916-B6B9ABEA0590}.Debug|Any CPU.Build.0 = Debug|Any CPU
		{C183DF6A-68A7-4DE9-9916-B6B9ABEA0590}.Release|Any CPU.ActiveCfg = Release|Any CPU
		{C183DF6A-68A7-4DE9-9916-B6B9ABEA0590}.Release|Any CPU.Build.0 = Release|Any CPU
		{9D8E3D75-453C-4004-8E60-A469F6D446D5}.Debug|Any CPU.ActiveCfg = Debug|Any CPU
		{9D8E3D75-453C-4004-8E60-A469F6D446D5}.Debug|Any CPU.Build.0 = Debug|Any CPU
		{9D8E3D75-453C-4004-8E60-A469F6D446D5}.Release|Any CPU.ActiveCfg = Release|Any CPU
		{9D8E3D75-453C-4004-8E60-A469F6D446D5}.Release|Any CPU.Build.0 = Release|Any CPU
		{D340C2CA-3640-4156-B9DE-2037E88D871E}.Debug|Any CPU.ActiveCfg = Debug|Any CPU
		{D340C2CA-3640-4156-B9DE-2037E88D871E}.Debug|Any CPU.Build.0 = Debug|Any CPU
		{D340C2CA-3640-4156-B9DE-2037E88D871E}.Release|Any CPU.ActiveCfg = Release|Any CPU
		{D340C2CA-3640-4156-B9DE-2037E88D871E}.Release|Any CPU.Build.0 = Release|Any CPU
	EndGlobalSection
	GlobalSection(SolutionProperties) = preSolution
		HideSolutionNode = FALSE
	EndGlobalSection
	GlobalSection(NestedProjects) = preSolution
		{AA3F1EEA-C0BC-4EA1-96E8-C9747C8A2636} = {D3C69746-8F28-4DD1-A212-9933B9881230}
		{E14CAC4C-1843-439C-9691-73EB9D47CC27} = {D3C69746-8F28-4DD1-A212-9933B9881230}
		{F66246B8-C9E2-416F-9565-39A5C91591FC} = {D3C69746-8F28-4DD1-A212-9933B9881230}
		{C183DF6A-68A7-4DE9-9916-B6B9ABEA0590} = {9839DAE7-51FA-4922-A022-73136CBD1E23}
		{9D8E3D75-453C-4004-8E60-A469F6D446D5} = {9839DAE7-51FA-4922-A022-73136CBD1E23}
	EndGlobalSection
	GlobalSection(ExtensibilityGlobals) = postSolution
		SolutionGuid = {A5DDD838-0C36-4CC7-A456-4080B3CB02E1}
	EndGlobalSection
EndGlobal
